{
  "name": "vscode-css",
  "version": "0.0.0",
  "lockfileVersion": 2,
  "requires": true,
  "packages": {
    "": {
      "name": "vscode-css",
      "version": "0.0.0",
      "devDependencies": {
        "cson": "^8.2.0",
        "vscode-oniguruma": "^2.0.1",
        "vscode-textmate": "^9.0.0"
      }
    },
    "node_modules/cson": {
      "version": "8.2.0",
      "resolved": "https://registry.npmjs.org/cson/-/cson-8.2.0.tgz",
      "integrity": "sha512-Hkf2J3i9VOGqlIYbjHaaHW9Vz9kJXebG1VrCivK76J1vr8uj4HG+z+UmJFxl8xVanpWfybUdk8l293dSDxwIWg==",
      "dev": true,
      "dependencies": {
        "cson-parser": "^4.0.9",
        "extract-opts": "^5.3.0",
        "requirefresh": "^5.9.0",
        "safefs": "^8.4.0"
      },
      "bin": {
        "cson": "bin.cjs",
        "cson2json": "bin.cjs",
        "json2cson": "bin.cjs"
      },
      "engines": {
        "node": ">=6"
      },
      "funding": {
        "url": "https://bevry.me/fund"
      }
    },
    "node_modules/cson-parser": {
      "version": "4.0.9",
      "resolved": "https://registry.npmjs.org/cson-parser/-/cson-parser-4.0.9.tgz",
      "integrity": "sha512-I79SAcCYquWnEfXYj8hBqOOWKj6eH6zX1hhX3yqmS4K3bYp7jME3UFpHPzu3rUew0oyfc0s8T6IlWGXRAheHag==",
      "dev": true,
      "dependencies": {
        "coffeescript": "1.12.7"
      },
      "engines": {
        "node": ">=10.13"
      }
    },
    "node_modules/cson-parser/node_modules/coffeescript": {
      "version": "1.12.7",
      "resolved": "https://registry.npmjs.org/coffeescript/-/coffeescript-1.12.7.tgz",
      "integrity": "sha512-pLXHFxQMPklVoEekowk8b3erNynC+DVJzChxS/LCBBgR6/8AJkHivkm//zbowcfc7BTCAjryuhx6gPqPRfsFoA==",
      "dev": true,
      "bin": {
        "cake": "bin/cake",
        "coffee": "bin/coffee"
      },
      "engines": {
        "node": ">=0.8.0"
      }
    },
    "node_modules/eachr": {
      "version": "7.2.0",
      "resolved": "https://registry.npmjs.org/eachr/-/eachr-7.2.0.tgz",
      "integrity": "sha512-zv0Vtm0c0mvTvamW3duiGqadnu4w9oIpG7p8YLb2z7bDj5wGRvzNJTLyMeWiuOvYXj9kT411ox0UAa8fziUIeg==",
      "dev": true,
      "dependencies": {
        "editions": "^6.19.0",
        "typechecker": "^9.2.0"
      },
      "engines": {
        "node": ">=4"
      },
      "funding": {
        "url": "https://bevry.me/fund"
      }
    },
    "node_modules/editions": {
      "version": "6.19.0",
      "resolved": "https://registry.npmjs.org/editions/-/editions-6.19.0.tgz",
      "integrity": "sha512-mJabiGaqoKWjgz0kqrVPzLBsk4sh11zcNXKFXBZ3eLwwHBWylz5OcrBrZRRaLPWoRpm9m428CLzKcituabUuFg==",
      "dev": true,
      "dependencies": {
        "version-range": "^4.11.0"
      },
      "engines": {
        "node": ">=4"
      },
      "funding": {
        "url": "https://bevry.me/fund"
      }
    },
    "node_modules/extract-opts": {
      "version": "5.5.0",
      "resolved": "https://registry.npmjs.org/extract-opts/-/extract-opts-5.5.0.tgz",
      "integrity": "sha512-idbs8/KK4ZFB+Q5m5mCK8rMOOfwtEvfn/60q3zN8HzIlvn/kGdcqV+IbAqqJwtYPm1TvbbSJZxcyOYEXvn2zuA==",
      "dev": true,
      "dependencies": {
        "eachr": "^7.2.0",
        "editions": "^6.19.0",
        "typechecker": "^9.2.0"
      },
      "engines": {
        "node": ">=4"
      },
      "funding": {
        "url": "https://bevry.me/fund"
      }
    },
    "node_modules/graceful-fs": {
      "version": "4.2.11",
      "resolved": "https://registry.npmjs.org/graceful-fs/-/graceful-fs-4.2.11.tgz",
      "integrity": "sha512-RbJ5/jmFcNNCcDV5o9eTnBLJ/HszWV0P73bc+Ff4nS/rJj+YaS6IGyiOL0VoBYX+l1Wrl3k63h/KrH+nhJ0XvQ==",
      "dev": true
    },
    "node_modules/requirefresh": {
      "version": "5.11.0",
      "resolved": "https://registry.npmjs.org/requirefresh/-/requirefresh-5.11.0.tgz",
      "integrity": "sha512-S1yRp4++ZZEAJv0ecPZotN62XXH38s/WDqoqWK3JZ3zqEmUb1RoqsYGCF+xN8DRGE3oecfdRF2AgF0nnuvUD3g==",
      "dev": true,
      "engines": {
        "node": ">=4"
      },
      "funding": {
        "url": "https://bevry.me/fund"
      }
    },
    "node_modules/safefs": {
      "version": "8.6.0",
      "resolved": "https://registry.npmjs.org/safefs/-/safefs-8.6.0.tgz",
      "integrity": "sha512-CfelnCnGgCHWylnMTG68qYgFxu6mrnamaiCBQe6YDpnzrooLFfROMrkJBkQGlTU83GUcn+VBkYfZyEMt4ygPVA==",
      "dev": true,
      "dependencies": {
        "graceful-fs": "^4.2.11",
        "version-compare": "^3.8.0"
      },
      "engines": {
        "node": ">=4"
      },
      "funding": {
        "url": "https://bevry.me/fund"
      }
    },
    "node_modules/typechecker": {
      "version": "9.2.0",
      "resolved": "https://registry.npmjs.org/typechecker/-/typechecker-9.2.0.tgz",
      "integrity": "sha512-WrIeSNqD6gW0Ss8OPHB0xHLyihoCsE57NZ5aLeYkLG75SOwP2uE9MtAnqKyca48X70vuJ3SNiSMRtop7Dnmg8A==",
      "dev": true,
      "dependencies": {
        "editions": "^6.19.0"
      },
      "engines": {
        "node": ">=4"
      },
      "funding": {
        "url": "https://bevry.me/fund"
      }
    },
    "node_modules/version-compare": {
      "version": "3.8.0",
      "resolved": "https://registry.npmjs.org/version-compare/-/version-compare-3.8.0.tgz",
      "integrity": "sha512-90rv+kdT8VyU45h6hOQeP9w8EuxHDdBOzHbHZZKrhw3zpaK3nJXgKDSCkV/OlUgvmt7vprCB1R9VuHrgjffpIg==",
      "dev": true,
      "dependencies": {
        "editions": "^6.18.0"
      },
      "engines": {
        "node": ">=4"
      },
      "funding": {
        "url": "https://bevry.me/fund"
      }
    },
    "node_modules/version-range": {
      "version": "4.11.0",
      "resolved": "https://registry.npmjs.org/version-range/-/version-range-4.11.0.tgz",
      "integrity": "sha512-h6ZOpIbN1Dk6hfDAmni/lOMncSUcIU1/6XsDc54kQe9/lMzzzv53ovpTr0CbNDJz2GLbmr/yyrQjD8vntyxXxg==",
      "dev": true,
      "engines": {
        "node": ">=4"
      },
      "funding": {
        "url": "https://bevry.me/fund"
      }
    },
    "node_modules/vscode-oniguruma": {
      "version": "2.0.1",
      "resolved": "https://registry.npmjs.org/vscode-oniguruma/-/vscode-oniguruma-2.0.1.tgz",
      "integrity": "sha512-poJU8iHIWnC3vgphJnrLZyI3YdqRlR27xzqDmpPXYzA93R4Gk8z7T6oqDzDoHjoikA2aS82crdXFkjELCdJsjQ==",
      "dev": true
    },
    "node_modules/vscode-textmate": {
      "version": "9.0.0",
      "resolved": "https://registry.npmjs.org/vscode-textmate/-/vscode-textmate-9.0.0.tgz",
      "integrity": "sha512-Cl65diFGxz7gpwbav10HqiY/eVYTO1sjQpmRmV991Bj7wAoOAjGQ97PpQcXorDE2Uc4hnGWLY17xme+5t6MlSg==",
      "dev": true
    }
  },
  "dependencies": {
    "cson": {
      "version": "8.2.0",
      "resolved": "https://registry.npmjs.org/cson/-/cson-8.2.0.tgz",
      "integrity": "sha512-Hkf2J3i9VOGqlIYbjHaaHW9Vz9kJXebG1VrCivK76J1vr8uj4HG+z+UmJFxl8xVanpWfybUdk8l293dSDxwIWg==",
      "dev": true,
      "requires": {
        "cson-parser": "^4.0.9",
        "extract-opts": "^5.3.0",
        "requirefresh": "^5.9.0",
        "safefs": "^8.4.0"
      }
    },
    "cson-parser": {
      "version": "4.0.9",
      "resolved": "https://registry.npmjs.org/cson-parser/-/cson-parser-4.0.9.tgz",
      "integrity": "sha512-I79SAcCYquWnEfXYj8hBqOOWKj6eH6zX1hhX3yqmS4K3bYp7jME3UFpHPzu3rUew0oyfc0s8T6IlWGXRAheHag==",
      "dev": true,
      "requires": {
        "coffeescript": "1.12.7"
      },
      "dependencies": {
        "coffeescript": {
          "version": "1.12.7",
          "resolved": "https://registry.npmjs.org/coffeescript/-/coffeescript-1.12.7.tgz",
          "integrity": "sha512-pLXHFxQMPklVoEekowk8b3erNynC+DVJzChxS/LCBBgR6/8AJkHivkm//zbowcfc7BTCAjryuhx6gPqPRfsFoA==",
          "dev": true
        }
      }
    },
    "eachr": {
      "version": "7.2.0",
      "resolved": "https://registry.npmjs.org/eachr/-/eachr-7.2.0.tgz",
      "integrity": "sha512-zv0Vtm0c0mvTvamW3duiGqadnu4w9oIpG7p8YLb2z7bDj5wGRvzNJTLyMeWiuOvYXj9kT411ox0UAa8fziUIeg==",
      "dev": true,
      "requires": {
        "editions": "^6.19.0",
        "typechecker": "^9.2.0"
      }
    },
    "editions": {
      "version": "6.19.0",
      "resolved": "https://registry.npmjs.org/editions/-/editions-6.19.0.tgz",
      "integrity": "sha512-mJabiGaqoKWjgz0kqrVPzLBsk4sh11zcNXKFXBZ3eLwwHBWylz5OcrBrZRRaLPWoRpm9m428CLzKcituabUuFg==",
      "dev": true,
      "requires": {
        "version-range": "^4.11.0"
      }
    },
    "extract-opts": {
      "version": "5.5.0",
      "resolved": "https://registry.npmjs.org/extract-opts/-/extract-opts-5.5.0.tgz",
      "integrity": "sha512-idbs8/KK4ZFB+Q5m5mCK8rMOOfwtEvfn/60q3zN8HzIlvn/kGdcqV+IbAqqJwtYPm1TvbbSJZxcyOYEXvn2zuA==",
      "dev": true,
      "requires": {
        "eachr": "^7.2.0",
        "editions": "^6.19.0",
        "typechecker": "^9.2.0"
      }
    },
    "graceful-fs": {
      "version": "4.2.11",
      "resolved": "https://registry.npmjs.org/graceful-fs/-/graceful-fs-4.2.11.tgz",
      "integrity": "sha512-RbJ5/jmFcNNCcDV5o9eTnBLJ/HszWV0P73bc+Ff4nS/rJj+YaS6IGyiOL0VoBYX+l1Wrl3k63h/KrH+nhJ0XvQ==",
      "dev": true
    },
    "requirefresh": {
      "version": "5.11.0",
      "resolved": "https://registry.npmjs.org/requirefresh/-/requirefresh-5.11.0.tgz",
      "integrity": "sha512-S1yRp4++ZZEAJv0ecPZotN62XXH38s/WDqoqWK3JZ3zqEmUb1RoqsYGCF+xN8DRGE3oecfdRF2AgF0nnuvUD3g==",
      "dev": true
    },
    "safefs": {
      "version": "8.6.0",
      "resolved": "https://registry.npmjs.org/safefs/-/safefs-8.6.0.tgz",
      "integrity": "sha512-CfelnCnGgCHWylnMTG68qYgFxu6mrnamaiCBQe6YDpnzrooLFfROMrkJBkQGlTU83GUcn+VBkYfZyEMt4ygPVA==",
      "dev": true,
      "requires": {
        "graceful-fs": "^4.2.11",
        "version-compare": "^3.8.0"
      }
    },
    "typechecker": {
      "version": "9.2.0",
      "resolved": "https://registry.npmjs.org/typechecker/-/typechecker-9.2.0.tgz",
      "integrity": "sha512-WrIeSNqD6gW0Ss8OPHB0xHLyihoCsE57NZ5aLeYkLG75SOwP2uE9MtAnqKyca48X70vuJ3SNiSMRtop7Dnmg8A==",
      "dev": true,
      "requires": {
        "editions": "^6.19.0"
      }
    },
    "version-compare": {
      "version": "3.8.0",
      "resolved": "https://registry.npmjs.org/version-compare/-/version-compare-3.8.0.tgz",
      "integrity": "sha512-90rv+kdT8VyU45h6hOQeP9w8EuxHDdBOzHbHZZKrhw3zpaK3nJXgKDSCkV/OlUgvmt7vprCB1R9VuHrgjffpIg==",
      "dev": true,
      "requires": {
        "editions": "^6.18.0"
      }
    },
    "version-range": {
      "version": "4.11.0",
      "resolved": "https://registry.npmjs.org/version-range/-/version-range-4.11.0.tgz",
      "integrity": "sha512-h6ZOpIbN1Dk6hfDAmni/lOMncSUcIU1/6XsDc54kQe9/lMzzzv53ovpTr0CbNDJz2GLbmr/yyrQjD8vntyxXxg==",
      "dev": true
    },
    "vscode-oniguruma": {
      "version": "2.0.1",
      "resolved": "https://registry.npmjs.org/vscode-oniguruma/-/vscode-oniguruma-2.0.1.tgz",
      "integrity": "sha512-poJU8iHIWnC3vgphJnrLZyI3YdqRlR27xzqDmpPXYzA93R4Gk8z7T6oqDzDoHjoikA2aS82crdXFkjELCdJsjQ==",
      "dev": true
    },
    "vscode-textmate": {
      "version": "9.0.0",
      "resolved": "https://registry.npmjs.org/vscode-textmate/-/vscode-textmate-9.0.0.tgz",
      "integrity": "sha512-Cl65diFGxz7gpwbav10HqiY/eVYTO1sjQpmRmV991Bj7wAoOAjGQ97PpQcXorDE2Uc4hnGWLY17xme+5t6MlSg==",
      "dev": true
    }
  }
}
